{
  "requires": true,
  "lockfileVersion": 1,
  "dependencies": {
    "lightbox2": {
      "version": "2.11.2",
      "resolved": "https://registry.npmjs.org/lightbox2/-/lightbox2-2.11.2.tgz",
      "integrity": "sha512-37JAjNKn891EicBcfTsRf3WTw2i+UIKFLZy3RY1q2TG0wy19UuuZKRWSLm5S0prVjWcnc2ng56HZRcvgam5NIg=="
    }
  }
}
